PODS:
  - AlertToast (1.3.9)
  - Kingfisher (8.6.0)
  - Socket.IO-Client-Swift (16.1.1):
    - Starscream (~> 4.0.8)
  - Starscream (4.0.8)
  - Wormholy (1.7.0)

DEPENDENCIES:
  - AlertToast
  - Kingfisher
  - Socket.IO-Client-Swift
  - Wormholy

SPEC REPOS:
  trunk:
    - AlertToast
    - Kingfisher
    - Socket.IO-Client-Swift
    - Starscream
    - Wormholy

SPEC CHECKSUMS:
  AlertToast: e8db15da727beff75500bcf33a78cd617f408fa1
  Kingfisher: 64278f126a815d0e2d391cdf71311b85882c4de0
  Socket.IO-Client-Swift: 3614bea82ba005df1c2ff01154f4004993e05ad7
  Starscream: 19b5533ddb925208db698f0ac508a100b884a1b9
  Wormholy: ab1c8c2f02f58587a0941deb0088555ffbf039a1

PODFILE CHECKSUM: ca0ecb06cb933d85045c8c40a24ba726a7cfc715

COCOAPODS: 1.16.2
